
Microsoft Visual Studio Solution File, Format Version 12.00
# Visual Studio Version 17
VisualStudioVersion = 17.1.32328.378
MinimumVisualStudioVersion = 10.0.40219.1
Project("{8BC9CEB8-8B4A-11D0-8D11-00A0C91BC942}") = "Kao_he", "Kao_he.vcxproj", "{E1D1A61B-DBB1-4A96-A74D-6EB0E75F06A1}"
EndProject
Global
	GlobalSection(SolutionConfigurationPlatforms) = preSolution
		Debug|x64 = Debug|x64
		Release|x64 = Release|x64
	EndGlobalSection
	GlobalSection(ProjectConfigurationPlatforms) = postSolution
		{E1D1A61B-DBB1-4A96-A74D-6EB0E75F06A1}.Debug|x64.ActiveCfg = Debug|x64
		{E1D1A61B-DBB1-4A96-A74D-6EB0E75F06A1}.Debug|x64.Build.0 = Debug|x64
		{E1D1A61B-DBB1-4A96-A74D-6EB0E75F06A1}.Release|x64.ActiveCfg = Release|x64
		{E1D1A61B-DBB1-4A96-A74D-6EB0E75F06A1}.Release|x64.Build.0 = Release|x64
	EndGlobalSection
	GlobalSection(SolutionProperties) = preSolution
		HideSolutionNode = FALSE
	EndGlobalSection
	GlobalSection(ExtensibilityGlobals) = postSolution
		SolutionGuid = {CFBD1C0C-9342-454D-9839-E8D4CB3B0206}
	EndGlobalSection
EndGlobal
