<?xml version="1.0" encoding="utf-8"?>
<Project ToolsVersion="4.0" xmlns="http://schemas.microsoft.com/developer/msbuild/2003">
  <ItemGroup>
    <Filter Include="Source Files">
      <UniqueIdentifier>{4FC737F1-C7A5-4376-A066-2A32D752A2FF}</UniqueIdentifier>
      <Extensions>cpp;c;cc;cxx;def;odl;idl;hpj;bat;asm;asmx</Extensions>
    </Filter>
    <Filter Include="Header Files">
      <UniqueIdentifier>{93995380-89BD-4b04-88EB-625FBE52EBFB}</UniqueIdentifier>
      <Extensions>h;hh;hpp;hxx;hm;inl;inc;xsd</Extensions>
    </Filter>
    <Filter Include="Resource Files">
      <UniqueIdentifier>{67DA6AB6-F800-4c08-8B7A-83BB121AAD01}</UniqueIdentifier>
      <Extensions>qrc;rc;ico;cur;bmp;dlg;rc2;rct;bin;rgs;gif;jpg;jpeg;jpe;resx;tiff;tif;png;wav;mfcribbon-ms</Extensions>
    </Filter>
    <Filter Include="Form Files">
      <UniqueIdentifier>{99349809-55BA-4b9d-BF79-8FDBB0286EB3}</UniqueIdentifier>
      <Extensions>ui</Extensions>
    </Filter>
    <Filter Include="Translation Files">
      <UniqueIdentifier>{639EADAA-A684-42e4-A9AD-28FC9BCB8F7C}</UniqueIdentifier>
      <Extensions>ts</Extensions>
    </Filter>
  </ItemGroup>
  <ItemGroup>
    <QtRcc Include="Kao_he.qrc">
      <Filter>Resource Files</Filter>
    </QtRcc>
    <QtUic Include="Kao_he.ui">
      <Filter>Form Files</Filter>
    </QtUic>
    <QtMoc Include="Kao_he.h">
      <Filter>Header Files</Filter>
    </QtMoc>
    <ClCompile Include="Kao_he.cpp">
      <Filter>Source Files</Filter>
    </ClCompile>
  </ItemGroup>
  <ItemGroup>
    <ClCompile Include="main.cpp">
      <Filter>Source Files</Filter>
    </ClCompile>
    <ClCompile Include="Lu_ru.cpp">
      <Filter>Source Files</Filter>
    </ClCompile>
    <ClCompile Include="CClass.cpp">
      <Filter>Source Files</Filter>
    </ClCompile>
    <ClCompile Include="CCourse.cpp">
      <Filter>Source Files</Filter>
    </ClCompile>
    <ClCompile Include="CStudent.cpp">
      <Filter>Source Files</Filter>
    </ClCompile>
    <ClCompile Include="Xian_shi.cpp">
      <Filter>Source Files</Filter>
    </ClCompile>
    <ClCompile Include="Pai_xu.cpp">
      <Filter>Source Files</Filter>
    </ClCompile>
    <ClCompile Include="Geng_gai.cpp">
      <Filter>Source Files</Filter>
    </ClCompile>
    <ClCompile Include="Tong_ji.cpp">
      <Filter>Source Files</Filter>
    </ClCompile>
    <ClCompile Include="Cha_zhao.cpp">
      <Filter>Source Files</Filter>
    </ClCompile>
    <ClCompile Include="MI_MA.cpp">
      <Filter>Source Files</Filter>
    </ClCompile>
  </ItemGroup>
  <ItemGroup>
    <QtMoc Include="Lu_ru.h">
      <Filter>Header Files</Filter>
    </QtMoc>
    <QtMoc Include="Xian_shi.h">
      <Filter>Header Files</Filter>
    </QtMoc>
    <QtMoc Include="Pai_xu.h">
      <Filter>Header Files</Filter>
    </QtMoc>
    <QtMoc Include="Geng_gai.h">
      <Filter>Header Files</Filter>
    </QtMoc>
    <QtMoc Include="Tong_ji.h">
      <Filter>Header Files</Filter>
    </QtMoc>
    <QtMoc Include="Cha_zhao.h">
      <Filter>Header Files</Filter>
    </QtMoc>
    <QtMoc Include="MI_MA.h">
      <Filter>Header Files</Filter>
    </QtMoc>
  </ItemGroup>
  <ItemGroup>
    <QtUic Include="Lu_ru.ui">
      <Filter>Form Files</Filter>
    </QtUic>
    <QtUic Include="Xian_shi.ui">
      <Filter>Form Files</Filter>
    </QtUic>
    <QtUic Include="Pai_xu.ui">
      <Filter>Form Files</Filter>
    </QtUic>
    <QtUic Include="Geng_gai.ui">
      <Filter>Form Files</Filter>
    </QtUic>
    <QtUic Include="Tong_ji.ui">
      <Filter>Form Files</Filter>
    </QtUic>
    <QtUic Include="Cha_zhao.ui">
      <Filter>Form Files</Filter>
    </QtUic>
    <QtUic Include="MI_MA.ui">
      <Filter>Form Files</Filter>
    </QtUic>
  </ItemGroup>
  <ItemGroup>
    <ClInclude Include="resource.h">
      <Filter>Header Files</Filter>
    </ClInclude>
    <ClInclude Include="CClass.h">
      <Filter>Header Files</Filter>
    </ClInclude>
    <ClInclude Include="CCourse.h">
      <Filter>Header Files</Filter>
    </ClInclude>
    <ClInclude Include="CStudent.h">
      <Filter>Header Files</Filter>
    </ClInclude>
  </ItemGroup>
  <ItemGroup>
    <ResourceCompile Include="Kao_he.rc">
      <Filter>Resource Files</Filter>
    </ResourceCompile>
  </ItemGroup>
  <ItemGroup>
    <Image Include="tu_biao.ico">
      <Filter>Resource Files</Filter>
    </Image>
  </ItemGroup>
</Project>